
Microsoft Visual Studio Solution File, Format Version 12.00
# Visual Studio Version 16
VisualStudioVersion = 16.0.31112.23
MinimumVisualStudioVersion = 10.0.40219.1
Project("{FAE04EC0-301F-11D3-BF4B-00C04F79EFBC}") = "VS-Repo1", "VS-Repo1.csproj", "{ECF68AD7-3D8C-48F4-9ABC-6847BC029B5F}"
EndProject
Global
	GlobalSection(SolutionConfigurationPlatforms) = preSolution
		Debug|Any CPU = Debug|Any CPU
		Release|Any CPU = Release|Any CPU
	EndGlobalSection
	GlobalSection(ProjectConfigurationPlatforms) = postSolution
		{ECF68AD7-3D8C-48F4-9ABC-6847BC029B5F}.Debug|Any CPU.ActiveCfg = Debug|Any CPU
		{ECF68AD7-3D8C-48F4-9ABC-6847BC029B5F}.Debug|Any CPU.Build.0 = Debug|Any CPU
		{ECF68AD7-3D8C-48F4-9ABC-6847BC029B5F}.Release|Any CPU.ActiveCfg = Release|Any CPU
		{ECF68AD7-3D8C-48F4-9ABC-6847BC029B5F}.Release|Any CPU.Build.0 = Release|Any CPU
	EndGlobalSection
	GlobalSection(SolutionProperties) = preSolution
		HideSolutionNode = FALSE
	EndGlobalSection
	GlobalSection(ExtensibilityGlobals) = postSolution
		SolutionGuid = {37B8F968-A404-4222-A007-E4C13050BAE8}
	EndGlobalSection
EndGlobal
